
Microsoft Visual Studio Solution File, Format Version 12.00
# Visual Studio Version 16
VisualStudioVersion = 16.0.30611.23
MinimumVisualStudioVersion = 10.0.40219.1
Project("{8BC9CEB8-8B4A-11D0-8D11-00A0C91BC942}") = "day24", "day24\day24.vcxproj", "{5DC1C219-17C2-47C2-BCD0-DB63F6E23537}"
EndProject
Global
	GlobalSection(SolutionConfigurationPlatforms) = preSolution
		Debug|x64 = Debug|x64
		Debug|x86 = Debug|x86
		Release|x64 = Release|x64
		Release|x86 = Release|x86
	EndGlobalSection
	GlobalSection(ProjectConfigurationPlatforms) = postSolution
		{5DC1C219-17C2-47C2-BCD0-DB63F6E23537}.Debug|x64.ActiveCfg = Debug|x64
		{5DC1C219-17C2-47C2-BCD0-DB63F6E23537}.Debug|x64.Build.0 = Debug|x64
		{5DC1C219-17C2-47C2-BCD0-DB63F6E23537}.Debug|x86.ActiveCfg = Debug|Win32
		{5DC1C219-17C2-47C2-BCD0-DB63F6E23537}.Debug|x86.Build.0 = Debug|Win32
		{5DC1C219-17C2-47C2-BCD0-DB63F6E23537}.Release|x64.ActiveCfg = Release|x64
		{5DC1C219-17C2-47C2-BCD0-DB63F6E23537}.Release|x64.Build.0 = Release|x64
		{5DC1C219-17C2-47C2-BCD0-DB63F6E23537}.Release|x86.ActiveCfg = Release|Win32
		{5DC1C219-17C2-47C2-BCD0-DB63F6E23537}.Release|x86.Build.0 = Release|Win32
	EndGlobalSection
	GlobalSection(SolutionProperties) = preSolution
		HideSolutionNode = FALSE
	EndGlobalSection
	GlobalSection(ExtensibilityGlobals) = postSolution
		SolutionGuid = {694902F7-EA83-43AD-9847-F3EC5DB0A3DB}
	EndGlobalSection
EndGlobal
